
Microsoft Visual Studio Solution File, Format Version 12.00
# Visual Studio Version 17
VisualStudioVersion = 17.6.33927.249
MinimumVisualStudioVersion = 10.0.40219.1
Project("{9A19103F-16F7-4668-BE54-9A1E7A4F7556}") = "WpfProductManagement", "WpfProductManagement\WpfProductManagement.csproj", "{066982B5-D745-4DB6-A72F-8E6A2F84065E}"
EndProject
Project("{FAE04EC0-301F-11D3-BF4B-00C04F79EFBC}") = "DataAccess", "DataAccess\DataAccess.csproj", "{5D03482C-773C-46D9-A568-FD727C75E16E}"
EndProject
Global
	GlobalSection(SolutionConfigurationPlatforms) = preSolution
		Debug|Any CPU = Debug|Any CPU
		Release|Any CPU = Release|Any CPU
	EndGlobalSection
	GlobalSection(ProjectConfigurationPlatforms) = postSolution
		{066982B5-D745-4DB6-A72F-8E6A2F84065E}.Debug|Any CPU.ActiveCfg = Debug|Any CPU
		{066982B5-D745-4DB6-A72F-8E6A2F84065E}.Debug|Any CPU.Build.0 = Debug|Any CPU
		{066982B5-D745-4DB6-A72F-8E6A2F84065E}.Release|Any CPU.ActiveCfg = Release|Any CPU
		{066982B5-D745-4DB6-A72F-8E6A2F84065E}.Release|Any CPU.Build.0 = Release|Any CPU
		{5D03482C-773C-46D9-A568-FD727C75E16E}.Debug|Any CPU.ActiveCfg = Debug|Any CPU
		{5D03482C-773C-46D9-A568-FD727C75E16E}.Debug|Any CPU.Build.0 = Debug|Any CPU
		{5D03482C-773C-46D9-A568-FD727C75E16E}.Release|Any CPU.ActiveCfg = Release|Any CPU
		{5D03482C-773C-46D9-A568-FD727C75E16E}.Release|Any CPU.Build.0 = Release|Any CPU
	EndGlobalSection
	GlobalSection(SolutionProperties) = preSolution
		HideSolutionNode = FALSE
	EndGlobalSection
	GlobalSection(ExtensibilityGlobals) = postSolution
		SolutionGuid = {EEF2038D-08E5-4533-B66B-C4ACE1A538B5}
	EndGlobalSection
EndGlobal
